
Microsoft Visual Studio Solution File, Format Version 11.00
# Visual Studio 2010
Project("{FAE04EC0-301F-11D3-BF4B-00C04F79EFBC}") = "PitchifyPlugin", "PitchifyPlugin\PitchifyPlugin.csproj", "{E1D79C2D-088D-4241-BE39-56B80D63BD0D}"
EndProject
Project("{2150E333-8FDC-42A3-9474-1A3956D46DE8}") = "Lib", "Lib", "{12D5399C-2274-4B86-85FF-45BD597EC5F2}"
	ProjectSection(SolutionItems) = preProject
		lib\Seesmic.Sdp.Extensibility.dll = lib\Seesmic.Sdp.Extensibility.dll
		lib\Seesmic.Sdp.Plugins.SharedFeatures.dll = lib\Seesmic.Sdp.Plugins.SharedFeatures.dll
		lib\Seesmic.Sdp.Utils.dll = lib\Seesmic.Sdp.Utils.dll
	EndProjectSection
EndProject
Project("{2150E333-8FDC-42A3-9474-1A3956D46DE8}") = "Misc", "Misc", "{CEB7CEEA-7CB3-430E-BB40-E8AE4045121E}"
	ProjectSection(SolutionItems) = preProject
		PitchifyCurrentVersion.xml = PitchifyCurrentVersion.xml
		readme.md = readme.md
	EndProjectSection
EndProject
Global
	GlobalSection(SolutionConfigurationPlatforms) = preSolution
		Debug|Any CPU = Debug|Any CPU
		Release|Any CPU = Release|Any CPU
	EndGlobalSection
	GlobalSection(ProjectConfigurationPlatforms) = postSolution
		{E1D79C2D-088D-4241-BE39-56B80D63BD0D}.Debug|Any CPU.ActiveCfg = Debug|Any CPU
		{E1D79C2D-088D-4241-BE39-56B80D63BD0D}.Debug|Any CPU.Build.0 = Debug|Any CPU
		{E1D79C2D-088D-4241-BE39-56B80D63BD0D}.Release|Any CPU.ActiveCfg = Release|Any CPU
		{E1D79C2D-088D-4241-BE39-56B80D63BD0D}.Release|Any CPU.Build.0 = Release|Any CPU
	EndGlobalSection
	GlobalSection(SolutionProperties) = preSolution
		HideSolutionNode = FALSE
	EndGlobalSection
EndGlobal
